
Microsoft Visual Studio Solution File, Format Version 12.00
# Visual Studio 2015
Project("{FAE04EC0-301F-11D3-BF4B-00C04F79EFBC}") = "TwinStickAssignment.CSharp", "TwinStickAssignment.CSharp.csproj", "{418D45A8-EC6E-8786-4EA1-AAFB573C7AA0}"
EndProject
Global
	GlobalSection(SolutionConfigurationPlatforms) = preSolution
		Debug|Any CPU = Debug|Any CPU
		Release|Any CPU = Release|Any CPU
	EndGlobalSection
	GlobalSection(ProjectConfigurationPlatforms) = postSolution
		{418D45A8-EC6E-8786-4EA1-AAFB573C7AA0}.Debug|Any CPU.ActiveCfg = Debug|Any CPU
		{418D45A8-EC6E-8786-4EA1-AAFB573C7AA0}.Debug|Any CPU.Build.0 = Debug|Any CPU
		{418D45A8-EC6E-8786-4EA1-AAFB573C7AA0}.Release|Any CPU.ActiveCfg = Release|Any CPU
		{418D45A8-EC6E-8786-4EA1-AAFB573C7AA0}.Release|Any CPU.Build.0 = Release|Any CPU
	EndGlobalSection
	GlobalSection(SolutionProperties) = preSolution
		HideSolutionNode = FALSE
	EndGlobalSection
EndGlobal
